
Microsoft Visual Studio Solution File, Format Version 12.00
# Visual Studio Version 16
VisualStudioVersion = 16.0.29613.14
MinimumVisualStudioVersion = 10.0.40219.1
Project("{FAE04EC0-301F-11D3-BF4B-00C04F79EFBC}") = "PrivateBlog", "PrivateBlog.csproj", "{070C14C9-9F00-4889-9C43-FB40B9F8C887}"
EndProject
Global
	GlobalSection(SolutionConfigurationPlatforms) = preSolution
		Debug|Any CPU = Debug|Any CPU
		Release|Any CPU = Release|Any CPU
	EndGlobalSection
	GlobalSection(ProjectConfigurationPlatforms) = postSolution
		{070C14C9-9F00-4889-9C43-FB40B9F8C887}.Debug|Any CPU.ActiveCfg = Debug|Any CPU
		{070C14C9-9F00-4889-9C43-FB40B9F8C887}.Debug|Any CPU.Build.0 = Debug|Any CPU
		{070C14C9-9F00-4889-9C43-FB40B9F8C887}.Release|Any CPU.ActiveCfg = Release|Any CPU
		{070C14C9-9F00-4889-9C43-FB40B9F8C887}.Release|Any CPU.Build.0 = Release|Any CPU
	EndGlobalSection
	GlobalSection(SolutionProperties) = preSolution
		HideSolutionNode = FALSE
	EndGlobalSection
	GlobalSection(ExtensibilityGlobals) = postSolution
		SolutionGuid = {ADB919B8-C0D6-461A-8CB3-F78271EA964A}
	EndGlobalSection
EndGlobal
